// !$*UTF8*$!
{
	archiveVersion = 1;
	classes = {
	};
	objectVersion = 50;
	objects = {

/* Begin PBXBuildFile section */
		5D5392950A2F68F7A0F6AD72 /* Pods_LoLMatchUITests.framework in Frameworks */ = {isa = PBXBuildFile; fileRef = CA38B226D7FB02726C559D95 /* Pods_LoLMatchUITests.framework */; };
		AE4358F421752416008A94FC /* AppDelegate.swift in Sources */ = {isa = PBXBuildFile; fileRef = AE4358F321752416008A94FC /* AppDelegate.swift */; };
		AE4358F621752416008A94FC /* ViewController.swift in Sources */ = {isa = PBXBuildFile; fileRef = AE4358F521752416008A94FC /* ViewController.swift */; };
		AE4358F921752416008A94FC /* Main.storyboard in Resources */ = {isa = PBXBuildFile; fileRef = AE4358F721752416008A94FC /* Main.storyboard */; };
		AE4358FC21752416008A94FC /* LoLMatch.xcdatamodeld in Sources */ = {isa = PBXBuildFile; fileRef = AE4358FA21752416008A94FC /* LoLMatch.xcdatamodeld */; };
		AE4358FE21752417008A94FC /* Assets.xcassets in Resources */ = {isa = PBXBuildFile; fileRef = AE4358FD21752417008A94FC /* Assets.xcassets */; };
		AE43590121752417008A94FC /* LaunchScreen.storyboard in Resources */ = {isa = PBXBuildFile; fileRef = AE4358FF21752417008A94FC /* LaunchScreen.storyboard */; };
		AE43590C21752418008A94FC /* LoLMatchTests.swift in Sources */ = {isa = PBXBuildFile; fileRef = AE43590B21752418008A94FC /* LoLMatchTests.swift */; };
		AE43591721752418008A94FC /* LoLMatchUITests.swift in Sources */ = {isa = PBXBuildFile; fileRef = AE43591621752418008A94FC /* LoLMatchUITests.swift */; };
		C08140985B0737FA26E88452 /* Pods_LoLMatchTests.framework in Frameworks */ = {isa = PBXBuildFile; fileRef = 82D776794389FB32EDFB5174 /* Pods_LoLMatchTests.framework */; };
		EBAF0A2CBDEA1CCF6C2785E3 /* Pods_LoLMatch.framework in Frameworks */ = {isa = PBXBuildFile; fileRef = 5055AA2C9EBCAE7A3818250E /* Pods_LoLMatch.framework */; };
/* End PBXBuildFile section */

/* Begin PBXContainerItemProxy section */
		AE43590821752418008A94FC /* PBXContainerItemProxy */ = {
			isa = PBXContainerItemProxy;
			containerPortal = AE4358E821752416008A94FC /* Project object */;
			proxyType = 1;
			remoteGlobalIDString = AE4358EF21752416008A94FC;
			remoteInfo = LoLMatch;
		};
		AE43591321752418008A94FC /* PBXContainerItemProxy */ = {
			isa = PBXContainerItemProxy;
			containerPortal = AE4358E821752416008A94FC /* Project object */;
			proxyType = 1;
			remoteGlobalIDString = AE4358EF21752416008A94FC;
			remoteInfo = LoLMatch;
		};
/* End PBXContainerItemProxy section */

/* Begin PBXFileReference section */
		41753581BF6EFBD6C16309F0 /* Pods-LoLMatchUITests.debug.xcconfig */ = {isa = PBXFileReference; includeInIndex = 1; lastKnownFileType = text.xcconfig; name = "Pods-LoLMatchUITests.debug.xcconfig"; path = "Pods/Target Support Files/Pods-LoLMatchUITests/Pods-LoLMatchUITests.debug.xcconfig"; sourceTree = "<group>"; };
		5055AA2C9EBCAE7A3818250E /* Pods_LoLMatch.framework */ = {isa = PBXFileReference; explicitFileType = wrapper.framework; includeInIndex = 0; path = Pods_LoLMatch.framework; sourceTree = BUILT_PRODUCTS_DIR; };
		5DEAE728C01CA7EBE5284ED8 /* Pods-LoLMatch.debug.xcconfig */ = {isa = PBXFileReference; includeInIndex = 1; lastKnownFileType = text.xcconfig; name = "Pods-LoLMatch.debug.xcconfig"; path = "Pods/Target Support Files/Pods-LoLMatch/Pods-LoLMatch.debug.xcconfig"; sourceTree = "<group>"; };
		5F4B06EA12633F6B0751FE4A /* Pods-LoLMatchUITests.release.xcconfig */ = {isa = PBXFileReference; includeInIndex = 1; lastKnownFileType = text.xcconfig; name = "Pods-LoLMatchUITests.release.xcconfig"; path = "Pods/Target Support Files/Pods-LoLMatchUITests/Pods-LoLMatchUITests.release.xcconfig"; sourceTree = "<group>"; };
		82D776794389FB32EDFB5174 /* Pods_LoLMatchTests.framework */ = {isa = PBXFileReference; explicitFileType = wrapper.framework; includeInIndex = 0; path = Pods_LoLMatchTests.framework; sourceTree = BUILT_PRODUCTS_DIR; };
		95D017260E6E095D4C0C7DCB /* Pods-LoLMatchTests.debug.xcconfig */ = {isa = PBXFileReference; includeInIndex = 1; lastKnownFileType = text.xcconfig; name = "Pods-LoLMatchTests.debug.xcconfig"; path = "Pods/Target Support Files/Pods-LoLMatchTests/Pods-LoLMatchTests.debug.xcconfig"; sourceTree = "<group>"; };
		AE4358F021752416008A94FC /* LoLMatch.app */ = {isa = PBXFileReference; explicitFileType = wrapper.application; includeInIndex = 0; path = LoLMatch.app; sourceTree = BUILT_PRODUCTS_DIR; };
		AE4358F321752416008A94FC /* AppDelegate.swift */ = {isa = PBXFileReference; lastKnownFileType = sourcecode.swift; path = AppDelegate.swift; sourceTree = "<group>"; };
		AE4358F521752416008A94FC /* ViewController.swift */ = {isa = PBXFileReference; lastKnownFileType = sourcecode.swift; path = ViewController.swift; sourceTree = "<group>"; };
		AE4358F821752416008A94FC /* Base */ = {isa = PBXFileReference; lastKnownFileType = file.storyboard; name = Base; path = Base.lproj/Main.storyboard; sourceTree = "<group>"; };
		AE4358FB21752416008A94FC /* LoLMatch.xcdatamodel */ = {isa = PBXFileReference; lastKnownFileType = wrapper.xcdatamodel; path = LoLMatch.xcdatamodel; sourceTree = "<group>"; };
		AE4358FD21752417008A94FC /* Assets.xcassets */ = {isa = PBXFileReference; lastKnownFileType = folder.assetcatalog; path = Assets.xcassets; sourceTree = "<group>"; };
		AE43590021752417008A94FC /* Base */ = {isa = PBXFileReference; lastKnownFileType = file.storyboard; name = Base; path = Base.lproj/LaunchScreen.storyboard; sourceTree = "<group>"; };
		AE43590221752417008A94FC /* Info.plist */ = {isa = PBXFileReference; lastKnownFileType = text.plist.xml; path = Info.plist; sourceTree = "<group>"; };
		AE43590721752417008A94FC /* LoLMatchTests.xctest */ = {isa = PBXFileReference; explicitFileType = wrapper.cfbundle; includeInIndex = 0; path = LoLMatchTests.xctest; sourceTree = BUILT_PRODUCTS_DIR; };
		AE43590B21752418008A94FC /* LoLMatchTests.swift */ = {isa = PBXFileReference; lastKnownFileType = sourcecode.swift; path = LoLMatchTests.swift; sourceTree = "<group>"; };
		AE43590D21752418008A94FC /* Info.plist */ = {isa = PBXFileReference; lastKnownFileType = text.plist.xml; path = Info.plist; sourceTree = "<group>"; };
		AE43591221752418008A94FC /* LoLMatchUITests.xctest */ = {isa = PBXFileReference; explicitFileType = wrapper.cfbundle; includeInIndex = 0; path = LoLMatchUITests.xctest; sourceTree = BUILT_PRODUCTS_DIR; };
		AE43591621752418008A94FC /* LoLMatchUITests.swift */ = {isa = PBXFileReference; lastKnownFileType = sourcecode.swift; path = LoLMatchUITests.swift; sourceTree = "<group>"; };
		AE43591821752418008A94FC /* Info.plist */ = {isa = PBXFileReference; lastKnownFileType = text.plist.xml; path = Info.plist; sourceTree = "<group>"; };
		B8E827CD54731D50A3B17394 /* Pods-LoLMatchTests.release.xcconfig */ = {isa = PBXFileReference; includeInIndex = 1; lastKnownFileType = text.xcconfig; name = "Pods-LoLMatchTests.release.xcconfig"; path = "Pods/Target Support Files/Pods-LoLMatchTests/Pods-LoLMatchTests.release.xcconfig"; sourceTree = "<group>"; };
		CA38B226D7FB02726C559D95 /* Pods_LoLMatchUITests.framework */ = {isa = PBXFileReference; explicitFileType = wrapper.framework; includeInIndex = 0; path = Pods_LoLMatchUITests.framework; sourceTree = BUILT_PRODUCTS_DIR; };
		EDF4172BE7F01E85900EA861 /* Pods-LoLMatch.release.xcconfig */ = {isa = PBXFileReference; includeInIndex = 1; lastKnownFileType = text.xcconfig; name = "Pods-LoLMatch.release.xcconfig"; path = "Pods/Target Support Files/Pods-LoLMatch/Pods-LoLMatch.release.xcconfig"; sourceTree = "<group>"; };
/* End PBXFileReference section */

/* Begin PBXFrameworksBuildPhase section */
		AE4358ED21752416008A94FC /* Frameworks */ = {
			isa = PBXFrameworksBuildPhase;
			buildActionMask = 2147483647;
			files = (
				EBAF0A2CBDEA1CCF6C2785E3 /* Pods_LoLMatch.framework in Frameworks */,
			);
			runOnlyForDeploymentPostprocessing = 0;
		};
		AE43590421752417008A94FC /* Frameworks */ = {
			isa = PBXFrameworksBuildPhase;
			buildActionMask = 2147483647;
			files = (
				C08140985B0737FA26E88452 /* Pods_LoLMatchTests.framework in Frameworks */,
			);
			runOnlyForDeploymentPostprocessing = 0;
		};
		AE43590F21752418008A94FC /* Frameworks */ = {
			isa = PBXFrameworksBuildPhase;
			buildActionMask = 2147483647;
			files = (
				5D5392950A2F68F7A0F6AD72 /* Pods_LoLMatchUITests.framework in Frameworks */,
			);
			runOnlyForDeploymentPostprocessing = 0;
		};
/* End PBXFrameworksBuildPhase section */

/* Begin PBXGroup section */
		354A3937FA486CD1CA49B979 /* Frameworks */ = {
			isa = PBXGroup;
			children = (
				5055AA2C9EBCAE7A3818250E /* Pods_LoLMatch.framework */,
				82D776794389FB32EDFB5174 /* Pods_LoLMatchTests.framework */,
				CA38B226D7FB02726C559D95 /* Pods_LoLMatchUITests.framework */,
			);
			name = Frameworks;
			sourceTree = "<group>";
		};
		AE4358E721752416008A94FC = {
			isa = PBXGroup;
			children = (
				AE4358F221752416008A94FC /* LoLMatch */,
				AE43590A21752418008A94FC /* LoLMatchTests */,
				AE43591521752418008A94FC /* LoLMatchUITests */,
				AE4358F121752416008A94FC /* Products */,
				F7F838F38846F970B2DD7138 /* Pods */,
				354A3937FA486CD1CA49B979 /* Frameworks */,
			);
			sourceTree = "<group>";
		};
		AE4358F121752416008A94FC /* Products */ = {
			isa = PBXGroup;
			children = (
				AE4358F021752416008A94FC /* LoLMatch.app */,
				AE43590721752417008A94FC /* LoLMatchTests.xctest */,
				AE43591221752418008A94FC /* LoLMatchUITests.xctest */,
			);
			name = Products;
			sourceTree = "<group>";
		};
		AE4358F221752416008A94FC /* LoLMatch */ = {
			isa = PBXGroup;
			children = (
				AE43592A217528BB008A94FC /* Infrastructure */,
				AE435929217528B0008A94FC /* Util */,
				AE435928217528A9008A94FC /* Service */,
				AE435927217528A2008A94FC /* Controller */,
				AE4359262175289E008A94FC /* View */,
				AE4359252175288B008A94FC /* Model */,
				AE4358FD21752417008A94FC /* Assets.xcassets */,
				AE43590221752417008A94FC /* Info.plist */,
				AE4358FA21752416008A94FC /* LoLMatch.xcdatamodeld */,
			);
			path = LoLMatch;
			sourceTree = "<group>";
		};
		AE43590A21752418008A94FC /* LoLMatchTests */ = {
			isa = PBXGroup;
			children = (
				AE43590B21752418008A94FC /* LoLMatchTests.swift */,
				AE43590D21752418008A94FC /* Info.plist */,
			);
			path = LoLMatchTests;
			sourceTree = "<group>";
		};
		AE43591521752418008A94FC /* LoLMatchUITests */ = {
			isa = PBXGroup;
			children = (
				AE43591621752418008A94FC /* LoLMatchUITests.swift */,
				AE43591821752418008A94FC /* Info.plist */,
			);
			path = LoLMatchUITests;
			sourceTree = "<group>";
		};
		AE4359252175288B008A94FC /* Model */ = {
			isa = PBXGroup;
			children = (
			);
			path = Model;
			sourceTree = "<group>";
		};
		AE4359262175289E008A94FC /* View */ = {
			isa = PBXGroup;
			children = (
				AE4358F721752416008A94FC /* Main.storyboard */,
				AE4358FF21752417008A94FC /* LaunchScreen.storyboard */,
			);
			path = View;
			sourceTree = "<group>";
		};
		AE435927217528A2008A94FC /* Controller */ = {
			isa = PBXGroup;
			children = (
				AE4358F521752416008A94FC /* ViewController.swift */,
			);
			path = Controller;
			sourceTree = "<group>";
		};
		AE435928217528A9008A94FC /* Service */ = {
			isa = PBXGroup;
			children = (
			);
			path = Service;
			sourceTree = "<group>";
		};
		AE435929217528B0008A94FC /* Util */ = {
			isa = PBXGroup;
			children = (
			);
			path = Util;
			sourceTree = "<group>";
		};
		AE43592A217528BB008A94FC /* Infrastructure */ = {
			isa = PBXGroup;
			children = (
				AE4358F321752416008A94FC /* AppDelegate.swift */,
			);
			path = Infrastructure;
			sourceTree = "<group>";
		};
		F7F838F38846F970B2DD7138 /* Pods */ = {
			isa = PBXGroup;
			children = (
				5DEAE728C01CA7EBE5284ED8 /* Pods-LoLMatch.debug.xcconfig */,
				EDF4172BE7F01E85900EA861 /* Pods-LoLMatch.release.xcconfig */,
				95D017260E6E095D4C0C7DCB /* Pods-LoLMatchTests.debug.xcconfig */,
				B8E827CD54731D50A3B17394 /* Pods-LoLMatchTests.release.xcconfig */,
				41753581BF6EFBD6C16309F0 /* Pods-LoLMatchUITests.debug.xcconfig */,
				5F4B06EA12633F6B0751FE4A /* Pods-LoLMatchUITests.release.xcconfig */,
			);
			name = Pods;
			sourceTree = "<group>";
		};
/* End PBXGroup section */

/* Begin PBXNativeTarget section */
		AE4358EF21752416008A94FC /* LoLMatch */ = {
			isa = PBXNativeTarget;
			buildConfigurationList = AE43591B21752418008A94FC /* Build configuration list for PBXNativeTarget "LoLMatch" */;
			buildPhases = (
				BD3BDCDC0112E41343C068F3 /* [CP] Check Pods Manifest.lock */,
				AE4358EC21752416008A94FC /* Sources */,
				AE4358ED21752416008A94FC /* Frameworks */,
				AE4358EE21752416008A94FC /* Resources */,
				AE435924217524C8008A94FC /* ShellScript */,
			);
			buildRules = (
			);
			dependencies = (
			);
			name = LoLMatch;
			productName = LoLMatch;
			productReference = AE4358F021752416008A94FC /* LoLMatch.app */;
			productType = "com.apple.product-type.application";
		};
		AE43590621752417008A94FC /* LoLMatchTests */ = {
			isa = PBXNativeTarget;
			buildConfigurationList = AE43591E21752418008A94FC /* Build configuration list for PBXNativeTarget "LoLMatchTests" */;
			buildPhases = (
				EBF87DEC4EEC30D5D209BDC0 /* [CP] Check Pods Manifest.lock */,
				AE43590321752417008A94FC /* Sources */,
				AE43590421752417008A94FC /* Frameworks */,
				AE43590521752417008A94FC /* Resources */,
			);
			buildRules = (
			);
			dependencies = (
				AE43590921752418008A94FC /* PBXTargetDependency */,
			);
			name = LoLMatchTests;
			productName = LoLMatchTests;
			productReference = AE43590721752417008A94FC /* LoLMatchTests.xctest */;
			productType = "com.apple.product-type.bundle.unit-test";
		};
		AE43591121752418008A94FC /* LoLMatchUITests */ = {
			isa = PBXNativeTarget;
			buildConfigurationList = AE43592121752418008A94FC /* Build configuration list for PBXNativeTarget "LoLMatchUITests" */;
			buildPhases = (
				66C3F5746C5C160917F11C57 /* [CP] Check Pods Manifest.lock */,
				AE43590E21752418008A94FC /* Sources */,
				AE43590F21752418008A94FC /* Frameworks */,
				AE43591021752418008A94FC /* Resources */,
			);
			buildRules = (
			);
			dependencies = (
				AE43591421752418008A94FC /* PBXTargetDependency */,
			);
			name = LoLMatchUITests;
			productName = LoLMatchUITests;
			productReference = AE43591221752418008A94FC /* LoLMatchUITests.xctest */;
			productType = "com.apple.product-type.bundle.ui-testing";
		};
/* End PBXNativeTarget section */

/* Begin PBXProject section */
		AE4358E821752416008A94FC /* Project object */ = {
			isa = PBXProject;
			attributes = {
				LastSwiftUpdateCheck = 1000;
				LastUpgradeCheck = 1000;
				ORGANIZATIONNAME = "Matheus Garcia";
				TargetAttributes = {
					AE4358EF21752416008A94FC = {
						CreatedOnToolsVersion = 10.0;
					};
					AE43590621752417008A94FC = {
						CreatedOnToolsVersion = 10.0;
						TestTargetID = AE4358EF21752416008A94FC;
					};
					AE43591121752418008A94FC = {
						CreatedOnToolsVersion = 10.0;
						TestTargetID = AE4358EF21752416008A94FC;
					};
				};
			};
			buildConfigurationList = AE4358EB21752416008A94FC /* Build configuration list for PBXProject "LoLMatch" */;
			compatibilityVersion = "Xcode 9.3";
			developmentRegion = en;
			hasScannedForEncodings = 0;
			knownRegions = (
				en,
				Base,
			);
			mainGroup = AE4358E721752416008A94FC;
			productRefGroup = AE4358F121752416008A94FC /* Products */;
			projectDirPath = "";
			projectRoot = "";
			targets = (
				AE4358EF21752416008A94FC /* LoLMatch */,
				AE43590621752417008A94FC /* LoLMatchTests */,
				AE43591121752418008A94FC /* LoLMatchUITests */,
			);
		};
/* End PBXProject section */

/* Begin PBXResourcesBuildPhase section */
		AE4358EE21752416008A94FC /* Resources */ = {
			isa = PBXResourcesBuildPhase;
			buildActionMask = 2147483647;
			files = (
				AE43590121752417008A94FC /* LaunchScreen.storyboard in Resources */,
				AE4358FE21752417008A94FC /* Assets.xcassets in Resources */,
				AE4358F921752416008A94FC /* Main.storyboard in Resources */,
			);
			runOnlyForDeploymentPostprocessing = 0;
		};
		AE43590521752417008A94FC /* Resources */ = {
			isa = PBXResourcesBuildPhase;
			buildActionMask = 2147483647;
			files = (
			);
			runOnlyForDeploymentPostprocessing = 0;
		};
		AE43591021752418008A94FC /* Resources */ = {
			isa = PBXResourcesBuildPhase;
			buildActionMask = 2147483647;
			files = (
			);
			runOnlyForDeploymentPostprocessing = 0;
		};
/* End PBXResourcesBuildPhase section */

/* Begin PBXShellScriptBuildPhase section */
		66C3F5746C5C160917F11C57 /* [CP] Check Pods Manifest.lock */ = {
			isa = PBXShellScriptBuildPhase;
			buildActionMask = 2147483647;
			files = (
			);
			inputPaths = (
				"${PODS_PODFILE_DIR_PATH}/Podfile.lock",
				"${PODS_ROOT}/Manifest.lock",
			);
			name = "[CP] Check Pods Manifest.lock";
			outputPaths = (
				"$(DERIVED_FILE_DIR)/Pods-LoLMatchUITests-checkManifestLockResult.txt",
			);
			runOnlyForDeploymentPostprocessing = 0;
			shellPath = /bin/sh;
			shellScript = "diff \"${PODS_PODFILE_DIR_PATH}/Podfile.lock\" \"${PODS_ROOT}/Manifest.lock\" > /dev/null\nif [ $? != 0 ] ; then\n    # print error to STDERR\n    echo \"error: The sandbox is not in sync with the Podfile.lock. Run 'pod install' or update your CocoaPods installation.\" >&2\n    exit 1\nfi\n# This output is used by Xcode 'outputs' to avoid re-running this script phase.\necho \"SUCCESS\" > \"${SCRIPT_OUTPUT_FILE_0}\"\n";
			showEnvVarsInLog = 0;
		};
		AE435924217524C8008A94FC /* ShellScript */ = {
			isa = PBXShellScriptBuildPhase;
			buildActionMask = 2147483647;
			files = (
			);
			inputFileListPaths = (
			);
			inputPaths = (
			);
			outputFileListPaths = (
			);
			outputPaths = (
			);
			runOnlyForDeploymentPostprocessing = 0;
			shellPath = /bin/sh;
			shellScript = "\"${PODS_ROOT}/SwiftLint/swiftlint\"\n";
		};
		BD3BDCDC0112E41343C068F3 /* [CP] Check Pods Manifest.lock */ = {
			isa = PBXShellScriptBuildPhase;
			buildActionMask = 2147483647;
			files = (
			);
			inputPaths = (
				"${PODS_PODFILE_DIR_PATH}/Podfile.lock",
				"${PODS_ROOT}/Manifest.lock",
			);
			name = "[CP] Check Pods Manifest.lock";
			outputPaths = (
				"$(DERIVED_FILE_DIR)/Pods-LoLMatch-checkManifestLockResult.txt",
			);
			runOnlyForDeploymentPostprocessing = 0;
			shellPath = /bin/sh;
			shellScript = "diff \"${PODS_PODFILE_DIR_PATH}/Podfile.lock\" \"${PODS_ROOT}/Manifest.lock\" > /dev/null\nif [ $? != 0 ] ; then\n    # print error to STDERR\n    echo \"error: The sandbox is not in sync with the Podfile.lock. Run 'pod install' or update your CocoaPods installation.\" >&2\n    exit 1\nfi\n# This output is used by Xcode 'outputs' to avoid re-running this script phase.\necho \"SUCCESS\" > \"${SCRIPT_OUTPUT_FILE_0}\"\n";
			showEnvVarsInLog = 0;
		};
		EBF87DEC4EEC30D5D209BDC0 /* [CP] Check Pods Manifest.lock */ = {
			isa = PBXShellScriptBuildPhase;
			buildActionMask = 2147483647;
			files = (
			);
			inputPaths = (
				"${PODS_PODFILE_DIR_PATH}/Podfile.lock",
				"${PODS_ROOT}/Manifest.lock",
			);
			name = "[CP] Check Pods Manifest.lock";
			outputPaths = (
				"$(DERIVED_FILE_DIR)/Pods-LoLMatchTests-checkManifestLockResult.txt",
			);
			runOnlyForDeploymentPostprocessing = 0;
			shellPath = /bin/sh;
			shellScript = "diff \"${PODS_PODFILE_DIR_PATH}/Podfile.lock\" \"${PODS_ROOT}/Manifest.lock\" > /dev/null\nif [ $? != 0 ] ; then\n    # print error to STDERR\n    echo \"error: The sandbox is not in sync with the Podfile.lock. Run 'pod install' or update your CocoaPods installation.\" >&2\n    exit 1\nfi\n# This output is used by Xcode 'outputs' to avoid re-running this script phase.\necho \"SUCCESS\" > \"${SCRIPT_OUTPUT_FILE_0}\"\n";
			showEnvVarsInLog = 0;
		};
/* End PBXShellScriptBuildPhase section */

/* Begin PBXSourcesBuildPhase section */
		AE4358EC21752416008A94FC /* Sources */ = {
			isa = PBXSourcesBuildPhase;
			buildActionMask = 2147483647;
			files = (
				AE4358F621752416008A94FC /* ViewController.swift in Sources */,
				AE4358F421752416008A94FC /* AppDelegate.swift in Sources */,
				AE4358FC21752416008A94FC /* LoLMatch.xcdatamodeld in Sources */,
			);
			runOnlyForDeploymentPostprocessing = 0;
		};
		AE43590321752417008A94FC /* Sources */ = {
			isa = PBXSourcesBuildPhase;
			buildActionMask = 2147483647;
			files = (
				AE43590C21752418008A94FC /* LoLMatchTests.swift in Sources */,
			);
			runOnlyForDeploymentPostprocessing = 0;
		};
		AE43590E21752418008A94FC /* Sources */ = {
			isa = PBXSourcesBuildPhase;
			buildActionMask = 2147483647;
			files = (
				AE43591721752418008A94FC /* LoLMatchUITests.swift in Sources */,
			);
			runOnlyForDeploymentPostprocessing = 0;
		};
/* End PBXSourcesBuildPhase section */

/* Begin PBXTargetDependency section */
		AE43590921752418008A94FC /* PBXTargetDependency */ = {
			isa = PBXTargetDependency;
			target = AE4358EF21752416008A94FC /* LoLMatch */;
			targetProxy = AE43590821752418008A94FC /* PBXContainerItemProxy */;
		};
		AE43591421752418008A94FC /* PBXTargetDependency */ = {
			isa = PBXTargetDependency;
			target = AE4358EF21752416008A94FC /* LoLMatch */;
			targetProxy = AE43591321752418008A94FC /* PBXContainerItemProxy */;
		};
/* End PBXTargetDependency section */

/* Begin PBXVariantGroup section */
		AE4358F721752416008A94FC /* Main.storyboard */ = {
			isa = PBXVariantGroup;
			children = (
				AE4358F821752416008A94FC /* Base */,
			);
			name = Main.storyboard;
			sourceTree = "<group>";
		};
		AE4358FF21752417008A94FC /* LaunchScreen.storyboard */ = {
			isa = PBXVariantGroup;
			children = (
				AE43590021752417008A94FC /* Base */,
			);
			name = LaunchScreen.storyboard;
			sourceTree = "<group>";
		};
/* End PBXVariantGroup section */

/* Begin XCBuildConfiguration section */
		AE43591921752418008A94FC /* Debug */ = {
			isa = XCBuildConfiguration;
			buildSettings = {
				ALWAYS_SEARCH_USER_PATHS = NO;
				CLANG_ANALYZER_NONNULL = YES;
				CLANG_ANALYZER_NUMBER_OBJECT_CONVERSION = YES_AGGRESSIVE;
				CLANG_CXX_LANGUAGE_STANDARD = "gnu++14";
				CLANG_CXX_LIBRARY = "libc++";
				CLANG_ENABLE_MODULES = YES;
				CLANG_ENABLE_OBJC_ARC = YES;
				CLANG_ENABLE_OBJC_WEAK = YES;
				CLANG_WARN_BLOCK_CAPTURE_AUTORELEASING = YES;
				CLANG_WARN_BOOL_CONVERSION = YES;
				CLANG_WARN_COMMA = YES;
				CLANG_WARN_CONSTANT_CONVERSION = YES;
				CLANG_WARN_DEPRECATED_OBJC_IMPLEMENTATIONS = YES;
				CLANG_WARN_DIRECT_OBJC_ISA_USAGE = YES_ERROR;
				CLANG_WARN_DOCUMENTATION_COMMENTS = YES;
				CLANG_WARN_EMPTY_BODY = YES;
				CLANG_WARN_ENUM_CONVERSION = YES;
				CLANG_WARN_INFINITE_RECURSION = YES;
				CLANG_WARN_INT_CONVERSION = YES;
				CLANG_WARN_NON_LITERAL_NULL_CONVERSION = YES;
				CLANG_WARN_OBJC_IMPLICIT_RETAIN_SELF = YES;
				CLANG_WARN_OBJC_LITERAL_CONVERSION = YES;
				CLANG_WARN_OBJC_ROOT_CLASS = YES_ERROR;
				CLANG_WARN_RANGE_LOOP_ANALYSIS = YES;
				CLANG_WARN_STRICT_PROTOTYPES = YES;
				CLANG_WARN_SUSPICIOUS_MOVE = YES;
				CLANG_WARN_UNGUARDED_AVAILABILITY = YES_AGGRESSIVE;
				CLANG_WARN_UNREACHABLE_CODE = YES;
				CLANG_WARN__DUPLICATE_METHOD_MATCH = YES;
				CODE_SIGN_IDENTITY = "iPhone Developer";
				COPY_PHASE_STRIP = NO;
				DEBUG_INFORMATION_FORMAT = dwarf;
				ENABLE_STRICT_OBJC_MSGSEND = YES;
				ENABLE_TESTABILITY = YES;
				GCC_C_LANGUAGE_STANDARD = gnu11;
				GCC_DYNAMIC_NO_PIC = NO;
				GCC_NO_COMMON_BLOCKS = YES;
				GCC_OPTIMIZATION_LEVEL = 0;
				GCC_PREPROCESSOR_DEFINITIONS = (
					"DEBUG=1",
					"$(inherited)",
				);
				GCC_WARN_64_TO_32_BIT_CONVERSION = YES;
				GCC_WARN_ABOUT_RETURN_TYPE = YES_ERROR;
				GCC_WARN_UNDECLARED_SELECTOR = YES;
				GCC_WARN_UNINITIALIZED_AUTOS = YES_AGGRESSIVE;
				GCC_WARN_UNUSED_FUNCTION = YES;
				GCC_WARN_UNUSED_VARIABLE = YES;
				IPHONEOS_DEPLOYMENT_TARGET = 12.0;
				MTL_ENABLE_DEBUG_INFO = INCLUDE_SOURCE;
				MTL_FAST_MATH = YES;
				ONLY_ACTIVE_ARCH = YES;
				SDKROOT = iphoneos;
				SWIFT_ACTIVE_COMPILATION_CONDITIONS = DEBUG;
				SWIFT_OPTIMIZATION_LEVEL = "-Onone";
			};
			name = Debug;
		};
		AE43591A21752418008A94FC /* Release */ = {
			isa = XCBuildConfiguration;
			buildSettings = {
				ALWAYS_SEARCH_USER_PATHS = NO;
				CLANG_ANALYZER_NONNULL = YES;
				CLANG_ANALYZER_NUMBER_OBJECT_CONVERSION = YES_AGGRESSIVE;
				CLANG_CXX_LANGUAGE_STANDARD = "gnu++14";
				CLANG_CXX_LIBRARY = "libc++";
				CLANG_ENABLE_MODULES = YES;
				CLANG_ENABLE_OBJC_ARC = YES;
				CLANG_ENABLE_OBJC_WEAK = YES;
				CLANG_WARN_BLOCK_CAPTURE_AUTORELEASING = YES;
				CLANG_WARN_BOOL_CONVERSION = YES;
				CLANG_WARN_COMMA = YES;
				CLANG_WARN_CONSTANT_CONVERSION = YES;
				CLANG_WARN_DEPRECATED_OBJC_IMPLEMENTATIONS = YES;
				CLANG_WARN_DIRECT_OBJC_ISA_USAGE = YES_ERROR;
				CLANG_WARN_DOCUMENTATION_COMMENTS = YES;
				CLANG_WARN_EMPTY_BODY = YES;
				CLANG_WARN_ENUM_CONVERSION = YES;
				CLANG_WARN_INFINITE_RECURSION = YES;
				CLANG_WARN_INT_CONVERSION = YES;
				CLANG_WARN_NON_LITERAL_NULL_CONVERSION = YES;
				CLANG_WARN_OBJC_IMPLICIT_RETAIN_SELF = YES;
				CLANG_WARN_OBJC_LITERAL_CONVERSION = YES;
				CLANG_WARN_OBJC_ROOT_CLASS = YES_ERROR;
				CLANG_WARN_RANGE_LOOP_ANALYSIS = YES;
				CLANG_WARN_STRICT_PROTOTYPES = YES;
				CLANG_WARN_SUSPICIOUS_MOVE = YES;
				CLANG_WARN_UNGUARDED_AVAILABILITY = YES_AGGRESSIVE;
				CLANG_WARN_UNREACHABLE_CODE = YES;
				CLANG_WARN__DUPLICATE_METHOD_MATCH = YES;
				CODE_SIGN_IDENTITY = "iPhone Developer";
				COPY_PHASE_STRIP = NO;
				DEBUG_INFORMATION_FORMAT = "dwarf-with-dsym";
				ENABLE_NS_ASSERTIONS = NO;
				ENABLE_STRICT_OBJC_MSGSEND = YES;
				GCC_C_LANGUAGE_STANDARD = gnu11;
				GCC_NO_COMMON_BLOCKS = YES;
				GCC_WARN_64_TO_32_BIT_CONVERSION = YES;
				GCC_WARN_ABOUT_RETURN_TYPE = YES_ERROR;
				GCC_WARN_UNDECLARED_SELECTOR = YES;
				GCC_WARN_UNINITIALIZED_AUTOS = YES_AGGRESSIVE;
				GCC_WARN_UNUSED_FUNCTION = YES;
				GCC_WARN_UNUSED_VARIABLE = YES;
				IPHONEOS_DEPLOYMENT_TARGET = 12.0;
				MTL_ENABLE_DEBUG_INFO = NO;
				MTL_FAST_MATH = YES;
				SDKROOT = iphoneos;
				SWIFT_COMPILATION_MODE = wholemodule;
				SWIFT_OPTIMIZATION_LEVEL = "-O";
				VALIDATE_PRODUCT = YES;
			};
			name = Release;
		};
		AE43591C21752418008A94FC /* Debug */ = {
			isa = XCBuildConfiguration;
			baseConfigurationReference = 5DEAE728C01CA7EBE5284ED8 /* Pods-LoLMatch.debug.xcconfig */;
			buildSettings = {
				ASSETCATALOG_COMPILER_APPICON_NAME = AppIcon;
				CODE_SIGN_STYLE = Automatic;
				DEVELOPMENT_TEAM = 3W69VTQXGX;
				INFOPLIST_FILE = LoLMatch/Info.plist;
				LD_RUNPATH_SEARCH_PATHS = (
					"$(inherited)",
					"@executable_path/Frameworks",
				);
				PRODUCT_BUNDLE_IDENTIFIER = com.MatheusPGarcia.LoLMatch;
				PRODUCT_NAME = "$(TARGET_NAME)";
				SWIFT_VERSION = 4.2;
				TARGETED_DEVICE_FAMILY = "1,2";
			};
			name = Debug;
		};
		AE43591D21752418008A94FC /* Release */ = {
			isa = XCBuildConfiguration;
			baseConfigurationReference = EDF4172BE7F01E85900EA861 /* Pods-LoLMatch.release.xcconfig */;
			buildSettings = {
				ASSETCATALOG_COMPILER_APPICON_NAME = AppIcon;
				CODE_SIGN_STYLE = Automatic;
				DEVELOPMENT_TEAM = 3W69VTQXGX;
				INFOPLIST_FILE = LoLMatch/Info.plist;
				LD_RUNPATH_SEARCH_PATHS = (
					"$(inherited)",
					"@executable_path/Frameworks",
				);
				PRODUCT_BUNDLE_IDENTIFIER = com.MatheusPGarcia.LoLMatch;
				PRODUCT_NAME = "$(TARGET_NAME)";
				SWIFT_VERSION = 4.2;
				TARGETED_DEVICE_FAMILY = "1,2";
			};
			name = Release;
		};
		AE43591F21752418008A94FC /* Debug */ = {
			isa = XCBuildConfiguration;
			baseConfigurationReference = 95D017260E6E095D4C0C7DCB /* Pods-LoLMatchTests.debug.xcconfig */;
			buildSettings = {
				ALWAYS_EMBED_SWIFT_STANDARD_LIBRARIES = YES;
				BUNDLE_LOADER = "$(TEST_HOST)";
				CODE_SIGN_STYLE = Automatic;
				DEVELOPMENT_TEAM = 3W69VTQXGX;
				INFOPLIST_FILE = LoLMatchTests/Info.plist;
				LD_RUNPATH_SEARCH_PATHS = (
					"$(inherited)",
					"@executable_path/Frameworks",
					"@loader_path/Frameworks",
				);
				PRODUCT_BUNDLE_IDENTIFIER = com.MatheusPGarcia.LoLMatchTests;
				PRODUCT_NAME = "$(TARGET_NAME)";
				SWIFT_VERSION = 4.2;
				TARGETED_DEVICE_FAMILY = "1,2";
				TEST_HOST = "$(BUILT_PRODUCTS_DIR)/LoLMatch.app/LoLMatch";
			};
			name = Debug;
		};
		AE43592021752418008A94FC /* Release */ = {
			isa = XCBuildConfiguration;
			baseConfigurationReference = B8E827CD54731D50A3B17394 /* Pods-LoLMatchTests.release.xcconfig */;
			buildSettings = {
				ALWAYS_EMBED_SWIFT_STANDARD_LIBRARIES = YES;
				BUNDLE_LOADER = "$(TEST_HOST)";
				CODE_SIGN_STYLE = Automatic;
				DEVELOPMENT_TEAM = 3W69VTQXGX;
				INFOPLIST_FILE = LoLMatchTests/Info.plist;
				LD_RUNPATH_SEARCH_PATHS = (
					"$(inherited)",
					"@executable_path/Frameworks",
					"@loader_path/Frameworks",
				);
				PRODUCT_BUNDLE_IDENTIFIER = com.MatheusPGarcia.LoLMatchTests;
				PRODUCT_NAME = "$(TARGET_NAME)";
				SWIFT_VERSION = 4.2;
				TARGETED_DEVICE_FAMILY = "1,2";
				TEST_HOST = "$(BUILT_PRODUCTS_DIR)/LoLMatch.app/LoLMatch";
			};
			name = Release;
		};
		AE43592221752418008A94FC /* Debug */ = {
			isa = XCBuildConfiguration;
			baseConfigurationReference = 41753581BF6EFBD6C16309F0 /* Pods-LoLMatchUITests.debug.xcconfig */;
			buildSettings = {
				ALWAYS_EMBED_SWIFT_STANDARD_LIBRARIES = YES;
				CODE_SIGN_STYLE = Automatic;
				DEVELOPMENT_TEAM = 3W69VTQXGX;
				INFOPLIST_FILE = LoLMatchUITests/Info.plist;
				LD_RUNPATH_SEARCH_PATHS = (
					"$(inherited)",
					"@executable_path/Frameworks",
					"@loader_path/Frameworks",
				);
				PRODUCT_BUNDLE_IDENTIFIER = com.MatheusPGarcia.LoLMatchUITests;
				PRODUCT_NAME = "$(TARGET_NAME)";
				SWIFT_VERSION = 4.2;
				TARGETED_DEVICE_FAMILY = "1,2";
				TEST_TARGET_NAME = LoLMatch;
			};
			name = Debug;
		};
		AE43592321752418008A94FC /* Release */ = {
			isa = XCBuildConfiguration;
			baseConfigurationReference = 5F4B06EA12633F6B0751FE4A /* Pods-LoLMatchUITests.release.xcconfig */;
			buildSettings = {
				ALWAYS_EMBED_SWIFT_STANDARD_LIBRARIES = YES;
				CODE_SIGN_STYLE = Automatic;
				DEVELOPMENT_TEAM = 3W69VTQXGX;
				INFOPLIST_FILE = LoLMatchUITests/Info.plist;
				LD_RUNPATH_SEARCH_PATHS = (
					"$(inherited)",
					"@executable_path/Frameworks",
					"@loader_path/Frameworks",
				);
				PRODUCT_BUNDLE_IDENTIFIER = com.MatheusPGarcia.LoLMatchUITests;
				PRODUCT_NAME = "$(TARGET_NAME)";
				SWIFT_VERSION = 4.2;
				TARGETED_DEVICE_FAMILY = "1,2";
				TEST_TARGET_NAME = LoLMatch;
			};
			name = Release;
		};
/* End XCBuildConfiguration section */

/* Begin XCConfigurationList section */
		AE4358EB21752416008A94FC /* Build configuration list for PBXProject "LoLMatch" */ = {
			isa = XCConfigurationList;
			buildConfigurations = (
				AE43591921752418008A94FC /* Debug */,
				AE43591A21752418008A94FC /* Release */,
			);
			defaultConfigurationIsVisible = 0;
			defaultConfigurationName = Release;
		};
		AE43591B21752418008A94FC /* Build configuration list for PBXNativeTarget "LoLMatch" */ = {
			isa = XCConfigurationList;
			buildConfigurations = (
				AE43591C21752418008A94FC /* Debug */,
				AE43591D21752418008A94FC /* Release */,
			);
			defaultConfigurationIsVisible = 0;
			defaultConfigurationName = Release;
		};
		AE43591E21752418008A94FC /* Build configuration list for PBXNativeTarget "LoLMatchTests" */ = {
			isa = XCConfigurationList;
			buildConfigurations = (
				AE43591F21752418008A94FC /* Debug */,
				AE43592021752418008A94FC /* Release */,
			);
			defaultConfigurationIsVisible = 0;
			defaultConfigurationName = Release;
		};
		AE43592121752418008A94FC /* Build configuration list for PBXNativeTarget "LoLMatchUITests" */ = {
			isa = XCConfigurationList;
			buildConfigurations = (
				AE43592221752418008A94FC /* Debug */,
				AE43592321752418008A94FC /* Release */,
			);
			defaultConfigurationIsVisible = 0;
			defaultConfigurationName = Release;
		};
/* End XCConfigurationList section */

/* Begin XCVersionGroup section */
		AE4358FA21752416008A94FC /* LoLMatch.xcdatamodeld */ = {
			isa = XCVersionGroup;
			children = (
				AE4358FB21752416008A94FC /* LoLMatch.xcdatamodel */,
			);
			currentVersion = AE4358FB21752416008A94FC /* LoLMatch.xcdatamodel */;
			path = LoLMatch.xcdatamodeld;
			sourceTree = "<group>";
			versionGroupType = wrapper.xcdatamodel;
		};
/* End XCVersionGroup section */
	};
	rootObject = AE4358E821752416008A94FC /* Project object */;
}
